
Microsoft Visual Studio Solution File, Format Version 12.00
# Visual Studio Version 17
VisualStudioVersion = 17.3.32804.467
MinimumVisualStudioVersion = 10.0.40219.1
Project("{FAE04EC0-301F-11D3-BF4B-00C04F79EFBC}") = "Backend", "Backend\Backend.csproj", "{933A78A9-8F18-4747-BDC6-A15D8BBDEB6D}"
EndProject
Project("{FAE04EC0-301F-11D3-BF4B-00C04F79EFBC}") = "Frontend", "Frontend\Frontend.csproj", "{BF4EFA6C-C01B-4EC3-82F3-9BBCB8F1BF15}"
EndProject
Project("{E53339B2-1760-4266-BCC7-CA923CBCF16C}") = "docker-compose", "docker-compose.dcproj", "{EBC9C86A-9477-4826-B1BE-A366363B3432}"
EndProject
Global
	GlobalSection(SolutionConfigurationPlatforms) = preSolution
		Debug|Any CPU = Debug|Any CPU
		Release|Any CPU = Release|Any CPU
	EndGlobalSection
	GlobalSection(ProjectConfigurationPlatforms) = postSolution
		{933A78A9-8F18-4747-BDC6-A15D8BBDEB6D}.Debug|Any CPU.ActiveCfg = Debug|Any CPU
		{933A78A9-8F18-4747-BDC6-A15D8BBDEB6D}.Debug|Any CPU.Build.0 = Debug|Any CPU
		{933A78A9-8F18-4747-BDC6-A15D8BBDEB6D}.Release|Any CPU.ActiveCfg = Release|Any CPU
		{933A78A9-8F18-4747-BDC6-A15D8BBDEB6D}.Release|Any CPU.Build.0 = Release|Any CPU
		{BF4EFA6C-C01B-4EC3-82F3-9BBCB8F1BF15}.Debug|Any CPU.ActiveCfg = Debug|Any CPU
		{BF4EFA6C-C01B-4EC3-82F3-9BBCB8F1BF15}.Debug|Any CPU.Build.0 = Debug|Any CPU
		{BF4EFA6C-C01B-4EC3-82F3-9BBCB8F1BF15}.Release|Any CPU.ActiveCfg = Release|Any CPU
		{BF4EFA6C-C01B-4EC3-82F3-9BBCB8F1BF15}.Release|Any CPU.Build.0 = Release|Any CPU
		{EBC9C86A-9477-4826-B1BE-A366363B3432}.Debug|Any CPU.ActiveCfg = Debug|Any CPU
		{EBC9C86A-9477-4826-B1BE-A366363B3432}.Debug|Any CPU.Build.0 = Debug|Any CPU
		{EBC9C86A-9477-4826-B1BE-A366363B3432}.Release|Any CPU.ActiveCfg = Release|Any CPU
		{EBC9C86A-9477-4826-B1BE-A366363B3432}.Release|Any CPU.Build.0 = Release|Any CPU
	EndGlobalSection
	GlobalSection(SolutionProperties) = preSolution
		HideSolutionNode = FALSE
	EndGlobalSection
	GlobalSection(ExtensibilityGlobals) = postSolution
		SolutionGuid = {7A108F38-B0EB-4A54-9924-A7146BF093D4}
	EndGlobalSection
EndGlobal
